// !$*UTF8*$!
{
	archiveVersion = 1;
	classes = {
	};
	objectVersion = 46;
	objects = {

/* Begin PBXBuildFile section */
		D0EF422F1BDF341F00C2DCDB /* TableViewCell.m in Sources */ = {isa = PBXBuildFile; fileRef = D0EF422D1BDF341F00C2DCDB /* TableViewCell.m */; };
		D0EF42301BDF341F00C2DCDB /* TableViewCell.xib in Resources */ = {isa = PBXBuildFile; fileRef = D0EF422E1BDF341F00C2DCDB /* TableViewCell.xib */; };
		D0EF42D51BDF918C00C2DCDB /* UserDetails.m in Sources */ = {isa = PBXBuildFile; fileRef = D0EF42D41BDF918C00C2DCDB /* UserDetails.m */; };
		D0EF42DF1BE09AA100C2DCDB /* UserDetailsManager.m in Sources */ = {isa = PBXBuildFile; fileRef = D0EF42DE1BE09AA100C2DCDB /* UserDetailsManager.m */; };
		D0EF44771BE37E0B00C2DCDB /* ImageIO.framework in Frameworks */ = {isa = PBXBuildFile; fileRef = D0EF44761BE37E0B00C2DCDB /* ImageIO.framework */; };
		D0EF449A1BE3806000C2DCDB /* MKAnnotationView+WebCache.m in Sources */ = {isa = PBXBuildFile; fileRef = D0EF447A1BE3806000C2DCDB /* MKAnnotationView+WebCache.m */; };
		D0EF449B1BE3806000C2DCDB /* NSData+ImageContentType.m in Sources */ = {isa = PBXBuildFile; fileRef = D0EF447C1BE3806000C2DCDB /* NSData+ImageContentType.m */; };
		D0EF449C1BE3806000C2DCDB /* SDImageCache.m in Sources */ = {isa = PBXBuildFile; fileRef = D0EF447E1BE3806000C2DCDB /* SDImageCache.m */; };
		D0EF449D1BE3806000C2DCDB /* SDWebImageCompat.m in Sources */ = {isa = PBXBuildFile; fileRef = D0EF44801BE3806000C2DCDB /* SDWebImageCompat.m */; };
		D0EF449E1BE3806000C2DCDB /* SDWebImageDecoder.m in Sources */ = {isa = PBXBuildFile; fileRef = D0EF44821BE3806000C2DCDB /* SDWebImageDecoder.m */; };
		D0EF449F1BE3806000C2DCDB /* SDWebImageDownloader.m in Sources */ = {isa = PBXBuildFile; fileRef = D0EF44841BE3806000C2DCDB /* SDWebImageDownloader.m */; };
		D0EF44A01BE3806000C2DCDB /* SDWebImageDownloaderOperation.m in Sources */ = {isa = PBXBuildFile; fileRef = D0EF44861BE3806000C2DCDB /* SDWebImageDownloaderOperation.m */; };
		D0EF44A11BE3806000C2DCDB /* SDWebImageManager.m in Sources */ = {isa = PBXBuildFile; fileRef = D0EF44881BE3806000C2DCDB /* SDWebImageManager.m */; };
		D0EF44A21BE3806000C2DCDB /* SDWebImagePrefetcher.m in Sources */ = {isa = PBXBuildFile; fileRef = D0EF448B1BE3806000C2DCDB /* SDWebImagePrefetcher.m */; };
		D0EF44A31BE3806000C2DCDB /* UIButton+WebCache.m in Sources */ = {isa = PBXBuildFile; fileRef = D0EF448D1BE3806000C2DCDB /* UIButton+WebCache.m */; };
		D0EF44A41BE3806000C2DCDB /* UIImage+GIF.m in Sources */ = {isa = PBXBuildFile; fileRef = D0EF448F1BE3806000C2DCDB /* UIImage+GIF.m */; };
		D0EF44A51BE3806000C2DCDB /* UIImage+MultiFormat.m in Sources */ = {isa = PBXBuildFile; fileRef = D0EF44911BE3806000C2DCDB /* UIImage+MultiFormat.m */; };
		D0EF44A61BE3806000C2DCDB /* UIImage+WebP.m in Sources */ = {isa = PBXBuildFile; fileRef = D0EF44931BE3806000C2DCDB /* UIImage+WebP.m */; };
		D0EF44A71BE3806000C2DCDB /* UIImageView+HighlightedWebCache.m in Sources */ = {isa = PBXBuildFile; fileRef = D0EF44951BE3806000C2DCDB /* UIImageView+HighlightedWebCache.m */; };
		D0EF44A81BE3806000C2DCDB /* UIImageView+WebCache.m in Sources */ = {isa = PBXBuildFile; fileRef = D0EF44971BE3806000C2DCDB /* UIImageView+WebCache.m */; };
		D0EF44A91BE3806000C2DCDB /* UIView+WebCacheOperation.m in Sources */ = {isa = PBXBuildFile; fileRef = D0EF44991BE3806000C2DCDB /* UIView+WebCacheOperation.m */; };
		D0F5BEB01BD0DA07002ED238 /* main.m in Sources */ = {isa = PBXBuildFile; fileRef = D0F5BEAF1BD0DA07002ED238 /* main.m */; };
		D0F5BEB31BD0DA07002ED238 /* AppDelegate.m in Sources */ = {isa = PBXBuildFile; fileRef = D0F5BEB21BD0DA07002ED238 /* AppDelegate.m */; };
		D0F5BEB61BD0DA07002ED238 /* MainViewController.m in Sources */ = {isa = PBXBuildFile; fileRef = D0F5BEB51BD0DA07002ED238 /* MainViewController.m */; };
		D0F5BEB91BD0DA07002ED238 /* Main.storyboard in Resources */ = {isa = PBXBuildFile; fileRef = D0F5BEB71BD0DA07002ED238 /* Main.storyboard */; };
		D0F5BEBB1BD0DA07002ED238 /* Images.xcassets in Resources */ = {isa = PBXBuildFile; fileRef = D0F5BEBA1BD0DA07002ED238 /* Images.xcassets */; };
		D0F5BEBE1BD0DA07002ED238 /* LaunchScreen.xib in Resources */ = {isa = PBXBuildFile; fileRef = D0F5BEBC1BD0DA07002ED238 /* LaunchScreen.xib */; };
		D0F5BECA1BD0DA07002ED238 /* OperationQueueTests.m in Sources */ = {isa = PBXBuildFile; fileRef = D0F5BEC91BD0DA07002ED238 /* OperationQueueTests.m */; };
/* End PBXBuildFile section */

/* Begin PBXContainerItemProxy section */
		D0F5BEC41BD0DA07002ED238 /* PBXContainerItemProxy */ = {
			isa = PBXContainerItemProxy;
			containerPortal = D0F5BEA21BD0DA06002ED238 /* Project object */;
			proxyType = 1;
			remoteGlobalIDString = D0F5BEA91BD0DA06002ED238;
			remoteInfo = OperationQueue;
		};
/* End PBXContainerItemProxy section */

/* Begin PBXFileReference section */
		D0EF422C1BDF341F00C2DCDB /* TableViewCell.h */ = {isa = PBXFileReference; fileEncoding = 4; lastKnownFileType = sourcecode.c.h; path = TableViewCell.h; sourceTree = "<group>"; };
		D0EF422D1BDF341F00C2DCDB /* TableViewCell.m */ = {isa = PBXFileReference; fileEncoding = 4; lastKnownFileType = sourcecode.c.objc; path = TableViewCell.m; sourceTree = "<group>"; };
		D0EF422E1BDF341F00C2DCDB /* TableViewCell.xib */ = {isa = PBXFileReference; fileEncoding = 4; lastKnownFileType = file.xib; path = TableViewCell.xib; sourceTree = "<group>"; };
		D0EF42D31BDF918C00C2DCDB /* UserDetails.h */ = {isa = PBXFileReference; fileEncoding = 4; lastKnownFileType = sourcecode.c.h; path = UserDetails.h; sourceTree = "<group>"; };
		D0EF42D41BDF918C00C2DCDB /* UserDetails.m */ = {isa = PBXFileReference; fileEncoding = 4; lastKnownFileType = sourcecode.c.objc; path = UserDetails.m; sourceTree = "<group>"; };
		D0EF42DD1BE09AA100C2DCDB /* UserDetailsManager.h */ = {isa = PBXFileReference; fileEncoding = 4; lastKnownFileType = sourcecode.c.h; path = UserDetailsManager.h; sourceTree = "<group>"; };
		D0EF42DE1BE09AA100C2DCDB /* UserDetailsManager.m */ = {isa = PBXFileReference; fileEncoding = 4; lastKnownFileType = sourcecode.c.objc; path = UserDetailsManager.m; sourceTree = "<group>"; };
		D0EF44761BE37E0B00C2DCDB /* ImageIO.framework */ = {isa = PBXFileReference; lastKnownFileType = wrapper.framework; name = ImageIO.framework; path = System/Library/Frameworks/ImageIO.framework; sourceTree = SDKROOT; };
		D0EF44791BE3806000C2DCDB /* MKAnnotationView+WebCache.h */ = {isa = PBXFileReference; fileEncoding = 4; lastKnownFileType = sourcecode.c.h; path = "MKAnnotationView+WebCache.h"; sourceTree = "<group>"; };
		D0EF447A1BE3806000C2DCDB /* MKAnnotationView+WebCache.m */ = {isa = PBXFileReference; fileEncoding = 4; lastKnownFileType = sourcecode.c.objc; path = "MKAnnotationView+WebCache.m"; sourceTree = "<group>"; };
		D0EF447B1BE3806000C2DCDB /* NSData+ImageContentType.h */ = {isa = PBXFileReference; fileEncoding = 4; lastKnownFileType = sourcecode.c.h; path = "NSData+ImageContentType.h"; sourceTree = "<group>"; };
		D0EF447C1BE3806000C2DCDB /* NSData+ImageContentType.m */ = {isa = PBXFileReference; fileEncoding = 4; lastKnownFileType = sourcecode.c.objc; path = "NSData+ImageContentType.m"; sourceTree = "<group>"; };
		D0EF447D1BE3806000C2DCDB /* SDImageCache.h */ = {isa = PBXFileReference; fileEncoding = 4; lastKnownFileType = sourcecode.c.h; path = SDImageCache.h; sourceTree = "<group>"; };
		D0EF447E1BE3806000C2DCDB /* SDImageCache.m */ = {isa = PBXFileReference; fileEncoding = 4; lastKnownFileType = sourcecode.c.objc; path = SDImageCache.m; sourceTree = "<group>"; };
		D0EF447F1BE3806000C2DCDB /* SDWebImageCompat.h */ = {isa = PBXFileReference; fileEncoding = 4; lastKnownFileType = sourcecode.c.h; path = SDWebImageCompat.h; sourceTree = "<group>"; };
		D0EF44801BE3806000C2DCDB /* SDWebImageCompat.m */ = {isa = PBXFileReference; fileEncoding = 4; lastKnownFileType = sourcecode.c.objc; path = SDWebImageCompat.m; sourceTree = "<group>"; };
		D0EF44811BE3806000C2DCDB /* SDWebImageDecoder.h */ = {isa = PBXFileReference; fileEncoding = 4; lastKnownFileType = sourcecode.c.h; path = SDWebImageDecoder.h; sourceTree = "<group>"; };
		D0EF44821BE3806000C2DCDB /* SDWebImageDecoder.m */ = {isa = PBXFileReference; fileEncoding = 4; lastKnownFileType = sourcecode.c.objc; path = SDWebImageDecoder.m; sourceTree = "<group>"; };
		D0EF44831BE3806000C2DCDB /* SDWebImageDownloader.h */ = {isa = PBXFileReference; fileEncoding = 4; lastKnownFileType = sourcecode.c.h; path = SDWebImageDownloader.h; sourceTree = "<group>"; };
		D0EF44841BE3806000C2DCDB /* SDWebImageDownloader.m */ = {isa = PBXFileReference; fileEncoding = 4; lastKnownFileType = sourcecode.c.objc; path = SDWebImageDownloader.m; sourceTree = "<group>"; };
		D0EF44851BE3806000C2DCDB /* SDWebImageDownloaderOperation.h */ = {isa = PBXFileReference; fileEncoding = 4; lastKnownFileType = sourcecode.c.h; path = SDWebImageDownloaderOperation.h; sourceTree = "<group>"; };
		D0EF44861BE3806000C2DCDB /* SDWebImageDownloaderOperation.m */ = {isa = PBXFileReference; fileEncoding = 4; lastKnownFileType = sourcecode.c.objc; path = SDWebImageDownloaderOperation.m; sourceTree = "<group>"; };
		D0EF44871BE3806000C2DCDB /* SDWebImageManager.h */ = {isa = PBXFileReference; fileEncoding = 4; lastKnownFileType = sourcecode.c.h; path = SDWebImageManager.h; sourceTree = "<group>"; };
		D0EF44881BE3806000C2DCDB /* SDWebImageManager.m */ = {isa = PBXFileReference; fileEncoding = 4; lastKnownFileType = sourcecode.c.objc; path = SDWebImageManager.m; sourceTree = "<group>"; };
		D0EF44891BE3806000C2DCDB /* SDWebImageOperation.h */ = {isa = PBXFileReference; fileEncoding = 4; lastKnownFileType = sourcecode.c.h; path = SDWebImageOperation.h; sourceTree = "<group>"; };
		D0EF448A1BE3806000C2DCDB /* SDWebImagePrefetcher.h */ = {isa = PBXFileReference; fileEncoding = 4; lastKnownFileType = sourcecode.c.h; path = SDWebImagePrefetcher.h; sourceTree = "<group>"; };
		D0EF448B1BE3806000C2DCDB /* SDWebImagePrefetcher.m */ = {isa = PBXFileReference; fileEncoding = 4; lastKnownFileType = sourcecode.c.objc; path = SDWebImagePrefetcher.m; sourceTree = "<group>"; };
		D0EF448C1BE3806000C2DCDB /* UIButton+WebCache.h */ = {isa = PBXFileReference; fileEncoding = 4; lastKnownFileType = sourcecode.c.h; path = "UIButton+WebCache.h"; sourceTree = "<group>"; };
		D0EF448D1BE3806000C2DCDB /* UIButton+WebCache.m */ = {isa = PBXFileReference; fileEncoding = 4; lastKnownFileType = sourcecode.c.objc; path = "UIButton+WebCache.m"; sourceTree = "<group>"; };
		D0EF448E1BE3806000C2DCDB /* UIImage+GIF.h */ = {isa = PBXFileReference; fileEncoding = 4; lastKnownFileType = sourcecode.c.h; path = "UIImage+GIF.h"; sourceTree = "<group>"; };
		D0EF448F1BE3806000C2DCDB /* UIImage+GIF.m */ = {isa = PBXFileReference; fileEncoding = 4; lastKnownFileType = sourcecode.c.objc; path = "UIImage+GIF.m"; sourceTree = "<group>"; };
		D0EF44901BE3806000C2DCDB /* UIImage+MultiFormat.h */ = {isa = PBXFileReference; fileEncoding = 4; lastKnownFileType = sourcecode.c.h; path = "UIImage+MultiFormat.h"; sourceTree = "<group>"; };
		D0EF44911BE3806000C2DCDB /* UIImage+MultiFormat.m */ = {isa = PBXFileReference; fileEncoding = 4; lastKnownFileType = sourcecode.c.objc; path = "UIImage+MultiFormat.m"; sourceTree = "<group>"; };
		D0EF44921BE3806000C2DCDB /* UIImage+WebP.h */ = {isa = PBXFileReference; fileEncoding = 4; lastKnownFileType = sourcecode.c.h; path = "UIImage+WebP.h"; sourceTree = "<group>"; };
		D0EF44931BE3806000C2DCDB /* UIImage+WebP.m */ = {isa = PBXFileReference; fileEncoding = 4; lastKnownFileType = sourcecode.c.objc; path = "UIImage+WebP.m"; sourceTree = "<group>"; };
		D0EF44941BE3806000C2DCDB /* UIImageView+HighlightedWebCache.h */ = {isa = PBXFileReference; fileEncoding = 4; lastKnownFileType = sourcecode.c.h; path = "UIImageView+HighlightedWebCache.h"; sourceTree = "<group>"; };
		D0EF44951BE3806000C2DCDB /* UIImageView+HighlightedWebCache.m */ = {isa = PBXFileReference; fileEncoding = 4; lastKnownFileType = sourcecode.c.objc; path = "UIImageView+HighlightedWebCache.m"; sourceTree = "<group>"; };
		D0EF44961BE3806000C2DCDB /* UIImageView+WebCache.h */ = {isa = PBXFileReference; fileEncoding = 4; lastKnownFileType = sourcecode.c.h; path = "UIImageView+WebCache.h"; sourceTree = "<group>"; };
		D0EF44971BE3806000C2DCDB /* UIImageView+WebCache.m */ = {isa = PBXFileReference; fileEncoding = 4; lastKnownFileType = sourcecode.c.objc; path = "UIImageView+WebCache.m"; sourceTree = "<group>"; };
		D0EF44981BE3806000C2DCDB /* UIView+WebCacheOperation.h */ = {isa = PBXFileReference; fileEncoding = 4; lastKnownFileType = sourcecode.c.h; path = "UIView+WebCacheOperation.h"; sourceTree = "<group>"; };
		D0EF44991BE3806000C2DCDB /* UIView+WebCacheOperation.m */ = {isa = PBXFileReference; fileEncoding = 4; lastKnownFileType = sourcecode.c.objc; path = "UIView+WebCacheOperation.m"; sourceTree = "<group>"; };
		D0F5BEAA1BD0DA07002ED238 /* OperationQueue.app */ = {isa = PBXFileReference; explicitFileType = wrapper.application; includeInIndex = 0; path = OperationQueue.app; sourceTree = BUILT_PRODUCTS_DIR; };
		D0F5BEAE1BD0DA07002ED238 /* Info.plist */ = {isa = PBXFileReference; lastKnownFileType = text.plist.xml; path = Info.plist; sourceTree = "<group>"; };
		D0F5BEAF1BD0DA07002ED238 /* main.m */ = {isa = PBXFileReference; lastKnownFileType = sourcecode.c.objc; path = main.m; sourceTree = "<group>"; };
		D0F5BEB11BD0DA07002ED238 /* AppDelegate.h */ = {isa = PBXFileReference; lastKnownFileType = sourcecode.c.h; path = AppDelegate.h; sourceTree = "<group>"; };
		D0F5BEB21BD0DA07002ED238 /* AppDelegate.m */ = {isa = PBXFileReference; lastKnownFileType = sourcecode.c.objc; path = AppDelegate.m; sourceTree = "<group>"; };
		D0F5BEB41BD0DA07002ED238 /* MainViewController.h */ = {isa = PBXFileReference; lastKnownFileType = sourcecode.c.h; name = MainViewController.h; path = OperationQueue/MainViewController.h; sourceTree = "<group>"; };
		D0F5BEB51BD0DA07002ED238 /* MainViewController.m */ = {isa = PBXFileReference; lastKnownFileType = sourcecode.c.objc; name = MainViewController.m; path = OperationQueue/MainViewController.m; sourceTree = "<group>"; };
		D0F5BEB81BD0DA07002ED238 /* Base */ = {isa = PBXFileReference; lastKnownFileType = file.storyboard; name = Base; path = Base.lproj/Main.storyboard; sourceTree = "<group>"; };
		D0F5BEBA1BD0DA07002ED238 /* Images.xcassets */ = {isa = PBXFileReference; lastKnownFileType = folder.assetcatalog; path = Images.xcassets; sourceTree = "<group>"; };
		D0F5BEBD1BD0DA07002ED238 /* Base */ = {isa = PBXFileReference; lastKnownFileType = file.xib; name = Base; path = Base.lproj/LaunchScreen.xib; sourceTree = "<group>"; };
		D0F5BEC31BD0DA07002ED238 /* OperationQueueTests.xctest */ = {isa = PBXFileReference; explicitFileType = wrapper.cfbundle; includeInIndex = 0; path = OperationQueueTests.xctest; sourceTree = BUILT_PRODUCTS_DIR; };
		D0F5BEC81BD0DA07002ED238 /* Info.plist */ = {isa = PBXFileReference; lastKnownFileType = text.plist.xml; path = Info.plist; sourceTree = "<group>"; };
		D0F5BEC91BD0DA07002ED238 /* OperationQueueTests.m */ = {isa = PBXFileReference; lastKnownFileType = sourcecode.c.objc; path = OperationQueueTests.m; sourceTree = "<group>"; };
/* End PBXFileReference section */

/* Begin PBXFrameworksBuildPhase section */
		D0F5BEA71BD0DA06002ED238 /* Frameworks */ = {
			isa = PBXFrameworksBuildPhase;
			buildActionMask = 2147483647;
			files = (
				D0EF44771BE37E0B00C2DCDB /* ImageIO.framework in Frameworks */,
			);
			runOnlyForDeploymentPostprocessing = 0;
		};
		D0F5BEC01BD0DA07002ED238 /* Frameworks */ = {
			isa = PBXFrameworksBuildPhase;
			buildActionMask = 2147483647;
			files = (
			);
			runOnlyForDeploymentPostprocessing = 0;
		};
/* End PBXFrameworksBuildPhase section */

/* Begin PBXGroup section */
		D0EF42D91BDFAFB800C2DCDB /* Modal */ = {
			isa = PBXGroup;
			children = (
				D0EF42D41BDF918C00C2DCDB /* UserDetails.m */,
				D0EF42D31BDF918C00C2DCDB /* UserDetails.h */,
			);
			name = Modal;
			path = ..;
			sourceTree = "<group>";
		};
		D0EF42DC1BE09A8600C2DCDB /* Controller */ = {
			isa = PBXGroup;
			children = (
				D0F5BEB41BD0DA07002ED238 /* MainViewController.h */,
				D0F5BEB51BD0DA07002ED238 /* MainViewController.m */,
				D0EF42DD1BE09AA100C2DCDB /* UserDetailsManager.h */,
				D0EF42DE1BE09AA100C2DCDB /* UserDetailsManager.m */,
			);
			name = Controller;
			path = ..;
			sourceTree = "<group>";
		};
		D0EF42E41BE0AED000C2DCDB /* View */ = {
			isa = PBXGroup;
			children = (
				D0EF42E51BE0AEE400C2DCDB /* Custom TableCell */,
			);
			name = View;
			sourceTree = "<group>";
		};
		D0EF42E51BE0AEE400C2DCDB /* Custom TableCell */ = {
			isa = PBXGroup;
			children = (
				D0EF422D1BDF341F00C2DCDB /* TableViewCell.m */,
				D0EF422C1BDF341F00C2DCDB /* TableViewCell.h */,
				D0EF422E1BDF341F00C2DCDB /* TableViewCell.xib */,
			);
			name = "Custom TableCell";
			sourceTree = "<group>";
		};
		D0EF44781BE3806000C2DCDB /* SDWebImage */ = {
			isa = PBXGroup;
			children = (
				D0EF44791BE3806000C2DCDB /* MKAnnotationView+WebCache.h */,
				D0EF447A1BE3806000C2DCDB /* MKAnnotationView+WebCache.m */,
				D0EF447B1BE3806000C2DCDB /* NSData+ImageContentType.h */,
				D0EF447C1BE3806000C2DCDB /* NSData+ImageContentType.m */,
				D0EF447D1BE3806000C2DCDB /* SDImageCache.h */,
				D0EF447E1BE3806000C2DCDB /* SDImageCache.m */,
				D0EF447F1BE3806000C2DCDB /* SDWebImageCompat.h */,
				D0EF44801BE3806000C2DCDB /* SDWebImageCompat.m */,
				D0EF44811BE3806000C2DCDB /* SDWebImageDecoder.h */,
				D0EF44821BE3806000C2DCDB /* SDWebImageDecoder.m */,
				D0EF44831BE3806000C2DCDB /* SDWebImageDownloader.h */,
				D0EF44841BE3806000C2DCDB /* SDWebImageDownloader.m */,
				D0EF44851BE3806000C2DCDB /* SDWebImageDownloaderOperation.h */,
				D0EF44861BE3806000C2DCDB /* SDWebImageDownloaderOperation.m */,
				D0EF44871BE3806000C2DCDB /* SDWebImageManager.h */,
				D0EF44881BE3806000C2DCDB /* SDWebImageManager.m */,
				D0EF44891BE3806000C2DCDB /* SDWebImageOperation.h */,
				D0EF448A1BE3806000C2DCDB /* SDWebImagePrefetcher.h */,
				D0EF448B1BE3806000C2DCDB /* SDWebImagePrefetcher.m */,
				D0EF448C1BE3806000C2DCDB /* UIButton+WebCache.h */,
				D0EF448D1BE3806000C2DCDB /* UIButton+WebCache.m */,
				D0EF448E1BE3806000C2DCDB /* UIImage+GIF.h */,
				D0EF448F1BE3806000C2DCDB /* UIImage+GIF.m */,
				D0EF44901BE3806000C2DCDB /* UIImage+MultiFormat.h */,
				D0EF44911BE3806000C2DCDB /* UIImage+MultiFormat.m */,
				D0EF44921BE3806000C2DCDB /* UIImage+WebP.h */,
				D0EF44931BE3806000C2DCDB /* UIImage+WebP.m */,
				D0EF44941BE3806000C2DCDB /* UIImageView+HighlightedWebCache.h */,
				D0EF44951BE3806000C2DCDB /* UIImageView+HighlightedWebCache.m */,
				D0EF44961BE3806000C2DCDB /* UIImageView+WebCache.h */,
				D0EF44971BE3806000C2DCDB /* UIImageView+WebCache.m */,
				D0EF44981BE3806000C2DCDB /* UIView+WebCacheOperation.h */,
				D0EF44991BE3806000C2DCDB /* UIView+WebCacheOperation.m */,
			);
			path = SDWebImage;
			sourceTree = "<group>";
		};
		D0F5BEA11BD0DA06002ED238 = {
			isa = PBXGroup;
			children = (
				D0EF44781BE3806000C2DCDB /* SDWebImage */,
				D0EF44761BE37E0B00C2DCDB /* ImageIO.framework */,
				D0F5BEAC1BD0DA07002ED238 /* OperationQueue */,
				D0F5BEC61BD0DA07002ED238 /* OperationQueueTests */,
				D0F5BEAB1BD0DA07002ED238 /* Products */,
			);
			sourceTree = "<group>";
		};
		D0F5BEAB1BD0DA07002ED238 /* Products */ = {
			isa = PBXGroup;
			children = (
				D0F5BEAA1BD0DA07002ED238 /* OperationQueue.app */,
				D0F5BEC31BD0DA07002ED238 /* OperationQueueTests.xctest */,
			);
			name = Products;
			sourceTree = "<group>";
		};
		D0F5BEAC1BD0DA07002ED238 /* OperationQueue */ = {
			isa = PBXGroup;
			children = (
				D0EF42E41BE0AED000C2DCDB /* View */,
				D0EF42DC1BE09A8600C2DCDB /* Controller */,
				D0EF42D91BDFAFB800C2DCDB /* Modal */,
				D0F5BEB11BD0DA07002ED238 /* AppDelegate.h */,
				D0F5BEB21BD0DA07002ED238 /* AppDelegate.m */,
				D0F5BEB71BD0DA07002ED238 /* Main.storyboard */,
				D0F5BEBA1BD0DA07002ED238 /* Images.xcassets */,
				D0F5BEBC1BD0DA07002ED238 /* LaunchScreen.xib */,
				D0F5BEAD1BD0DA07002ED238 /* Supporting Files */,
			);
			path = OperationQueue;
			sourceTree = "<group>";
		};
		D0F5BEAD1BD0DA07002ED238 /* Supporting Files */ = {
			isa = PBXGroup;
			children = (
				D0F5BEAE1BD0DA07002ED238 /* Info.plist */,
				D0F5BEAF1BD0DA07002ED238 /* main.m */,
			);
			name = "Supporting Files";
			sourceTree = "<group>";
		};
		D0F5BEC61BD0DA07002ED238 /* OperationQueueTests */ = {
			isa = PBXGroup;
			children = (
				D0F5BEC91BD0DA07002ED238 /* OperationQueueTests.m */,
				D0F5BEC71BD0DA07002ED238 /* Supporting Files */,
			);
			path = OperationQueueTests;
			sourceTree = "<group>";
		};
		D0F5BEC71BD0DA07002ED238 /* Supporting Files */ = {
			isa = PBXGroup;
			children = (
				D0F5BEC81BD0DA07002ED238 /* Info.plist */,
			);
			name = "Supporting Files";
			sourceTree = "<group>";
		};
/* End PBXGroup section */

/* Begin PBXNativeTarget section */
		D0F5BEA91BD0DA06002ED238 /* OperationQueue */ = {
			isa = PBXNativeTarget;
			buildConfigurationList = D0F5BECD1BD0DA07002ED238 /* Build configuration list for PBXNativeTarget "OperationQueue" */;
			buildPhases = (
				D0F5BEA61BD0DA06002ED238 /* Sources */,
				D0F5BEA71BD0DA06002ED238 /* Frameworks */,
				D0F5BEA81BD0DA06002ED238 /* Resources */,
			);
			buildRules = (
			);
			dependencies = (
			);
			name = OperationQueue;
			productName = OperationQueue;
			productReference = D0F5BEAA1BD0DA07002ED238 /* OperationQueue.app */;
			productType = "com.apple.product-type.application";
		};
		D0F5BEC21BD0DA07002ED238 /* OperationQueueTests */ = {
			isa = PBXNativeTarget;
			buildConfigurationList = D0F5BED01BD0DA07002ED238 /* Build configuration list for PBXNativeTarget "OperationQueueTests" */;
			buildPhases = (
				D0F5BEBF1BD0DA07002ED238 /* Sources */,
				D0F5BEC01BD0DA07002ED238 /* Frameworks */,
				D0F5BEC11BD0DA07002ED238 /* Resources */,
			);
			buildRules = (
			);
			dependencies = (
				D0F5BEC51BD0DA07002ED238 /* PBXTargetDependency */,
			);
			name = OperationQueueTests;
			productName = OperationQueueTests;
			productReference = D0F5BEC31BD0DA07002ED238 /* OperationQueueTests.xctest */;
			productType = "com.apple.product-type.bundle.unit-test";
		};
/* End PBXNativeTarget section */

/* Begin PBXProject section */
		D0F5BEA21BD0DA06002ED238 /* Project object */ = {
			isa = PBXProject;
			attributes = {
				LastUpgradeCheck = 0640;
				ORGANIZATIONNAME = Sourcebits;
				TargetAttributes = {
					D0F5BEA91BD0DA06002ED238 = {
						CreatedOnToolsVersion = 6.4;
					};
					D0F5BEC21BD0DA07002ED238 = {
						CreatedOnToolsVersion = 6.4;
						TestTargetID = D0F5BEA91BD0DA06002ED238;
					};
				};
			};
			buildConfigurationList = D0F5BEA51BD0DA06002ED238 /* Build configuration list for PBXProject "OperationQueue" */;
			compatibilityVersion = "Xcode 3.2";
			developmentRegion = English;
			hasScannedForEncodings = 0;
			knownRegions = (
				en,
				Base,
			);
			mainGroup = D0F5BEA11BD0DA06002ED238;
			productRefGroup = D0F5BEAB1BD0DA07002ED238 /* Products */;
			projectDirPath = "";
			projectRoot = "";
			targets = (
				D0F5BEA91BD0DA06002ED238 /* OperationQueue */,
				D0F5BEC21BD0DA07002ED238 /* OperationQueueTests */,
			);
		};
/* End PBXProject section */

/* Begin PBXResourcesBuildPhase section */
		D0F5BEA81BD0DA06002ED238 /* Resources */ = {
			isa = PBXResourcesBuildPhase;
			buildActionMask = 2147483647;
			files = (
				D0F5BEB91BD0DA07002ED238 /* Main.storyboard in Resources */,
				D0EF42301BDF341F00C2DCDB /* TableViewCell.xib in Resources */,
				D0F5BEBE1BD0DA07002ED238 /* LaunchScreen.xib in Resources */,
				D0F5BEBB1BD0DA07002ED238 /* Images.xcassets in Resources */,
			);
			runOnlyForDeploymentPostprocessing = 0;
		};
		D0F5BEC11BD0DA07002ED238 /* Resources */ = {
			isa = PBXResourcesBuildPhase;
			buildActionMask = 2147483647;
			files = (
			);
			runOnlyForDeploymentPostprocessing = 0;
		};
/* End PBXResourcesBuildPhase section */

/* Begin PBXSourcesBuildPhase section */
		D0F5BEA61BD0DA06002ED238 /* Sources */ = {
			isa = PBXSourcesBuildPhase;
			buildActionMask = 2147483647;
			files = (
				D0EF422F1BDF341F00C2DCDB /* TableViewCell.m in Sources */,
				D0EF44A11BE3806000C2DCDB /* SDWebImageManager.m in Sources */,
				D0EF449C1BE3806000C2DCDB /* SDImageCache.m in Sources */,
				D0EF44A01BE3806000C2DCDB /* SDWebImageDownloaderOperation.m in Sources */,
				D0EF44A91BE3806000C2DCDB /* UIView+WebCacheOperation.m in Sources */,
				D0F5BEB61BD0DA07002ED238 /* MainViewController.m in Sources */,
				D0EF44A31BE3806000C2DCDB /* UIButton+WebCache.m in Sources */,
				D0EF449B1BE3806000C2DCDB /* NSData+ImageContentType.m in Sources */,
				D0EF44A21BE3806000C2DCDB /* SDWebImagePrefetcher.m in Sources */,
				D0EF449F1BE3806000C2DCDB /* SDWebImageDownloader.m in Sources */,
				D0F5BEB31BD0DA07002ED238 /* AppDelegate.m in Sources */,
				D0EF44A61BE3806000C2DCDB /* UIImage+WebP.m in Sources */,
				D0EF44A81BE3806000C2DCDB /* UIImageView+WebCache.m in Sources */,
				D0EF449E1BE3806000C2DCDB /* SDWebImageDecoder.m in Sources */,
				D0EF42DF1BE09AA100C2DCDB /* UserDetailsManager.m in Sources */,
				D0EF449A1BE3806000C2DCDB /* MKAnnotationView+WebCache.m in Sources */,
				D0EF449D1BE3806000C2DCDB /* SDWebImageCompat.m in Sources */,
				D0EF42D51BDF918C00C2DCDB /* UserDetails.m in Sources */,
				D0F5BEB01BD0DA07002ED238 /* main.m in Sources */,
				D0EF44A51BE3806000C2DCDB /* UIImage+MultiFormat.m in Sources */,
				D0EF44A71BE3806000C2DCDB /* UIImageView+HighlightedWebCache.m in Sources */,
				D0EF44A41BE3806000C2DCDB /* UIImage+GIF.m in Sources */,
			);
			runOnlyForDeploymentPostprocessing = 0;
		};
		D0F5BEBF1BD0DA07002ED238 /* Sources */ = {
			isa = PBXSourcesBuildPhase;
			buildActionMask = 2147483647;
			files = (
				D0F5BECA1BD0DA07002ED238 /* OperationQueueTests.m in Sources */,
			);
			runOnlyForDeploymentPostprocessing = 0;
		};
/* End PBXSourcesBuildPhase section */

/* Begin PBXTargetDependency section */
		D0F5BEC51BD0DA07002ED238 /* PBXTargetDependency */ = {
			isa = PBXTargetDependency;
			target = D0F5BEA91BD0DA06002ED238 /* OperationQueue */;
			targetProxy = D0F5BEC41BD0DA07002ED238 /* PBXContainerItemProxy */;
		};
/* End PBXTargetDependency section */

/* Begin PBXVariantGroup section */
		D0F5BEB71BD0DA07002ED238 /* Main.storyboard */ = {
			isa = PBXVariantGroup;
			children = (
				D0F5BEB81BD0DA07002ED238 /* Base */,
			);
			name = Main.storyboard;
			sourceTree = "<group>";
		};
		D0F5BEBC1BD0DA07002ED238 /* LaunchScreen.xib */ = {
			isa = PBXVariantGroup;
			children = (
				D0F5BEBD1BD0DA07002ED238 /* Base */,
			);
			name = LaunchScreen.xib;
			sourceTree = "<group>";
		};
/* End PBXVariantGroup section */

/* Begin XCBuildConfiguration section */
		D0F5BECB1BD0DA07002ED238 /* Debug */ = {
			isa = XCBuildConfiguration;
			buildSettings = {
				ALWAYS_SEARCH_USER_PATHS = NO;
				CLANG_CXX_LANGUAGE_STANDARD = "gnu++0x";
				CLANG_CXX_LIBRARY = "libc++";
				CLANG_ENABLE_MODULES = YES;
				CLANG_ENABLE_OBJC_ARC = YES;
				CLANG_WARN_BOOL_CONVERSION = YES;
				CLANG_WARN_CONSTANT_CONVERSION = YES;
				CLANG_WARN_DIRECT_OBJC_ISA_USAGE = YES_ERROR;
				CLANG_WARN_EMPTY_BODY = YES;
				CLANG_WARN_ENUM_CONVERSION = YES;
				CLANG_WARN_INT_CONVERSION = YES;
				CLANG_WARN_OBJC_ROOT_CLASS = YES_ERROR;
				CLANG_WARN_UNREACHABLE_CODE = YES;
				CLANG_WARN__DUPLICATE_METHOD_MATCH = YES;
				"CODE_SIGN_IDENTITY[sdk=iphoneos*]" = "iPhone Developer";
				COPY_PHASE_STRIP = NO;
				DEBUG_INFORMATION_FORMAT = "dwarf-with-dsym";
				ENABLE_STRICT_OBJC_MSGSEND = YES;
				GCC_C_LANGUAGE_STANDARD = gnu99;
				GCC_DYNAMIC_NO_PIC = NO;
				GCC_NO_COMMON_BLOCKS = YES;
				GCC_OPTIMIZATION_LEVEL = 0;
				GCC_PREPROCESSOR_DEFINITIONS = (
					"DEBUG=1",
					"$(inherited)",
				);
				GCC_SYMBOLS_PRIVATE_EXTERN = NO;
				GCC_WARN_64_TO_32_BIT_CONVERSION = YES;
				GCC_WARN_ABOUT_RETURN_TYPE = YES_ERROR;
				GCC_WARN_UNDECLARED_SELECTOR = YES;
				GCC_WARN_UNINITIALIZED_AUTOS = YES_AGGRESSIVE;
				GCC_WARN_UNUSED_FUNCTION = YES;
				GCC_WARN_UNUSED_VARIABLE = YES;
				IPHONEOS_DEPLOYMENT_TARGET = 8.4;
				MTL_ENABLE_DEBUG_INFO = YES;
				ONLY_ACTIVE_ARCH = YES;
				SDKROOT = iphoneos;
			};
			name = Debug;
		};
		D0F5BECC1BD0DA07002ED238 /* Release */ = {
			isa = XCBuildConfiguration;
			buildSettings = {
				ALWAYS_SEARCH_USER_PATHS = NO;
				CLANG_CXX_LANGUAGE_STANDARD = "gnu++0x";
				CLANG_CXX_LIBRARY = "libc++";
				CLANG_ENABLE_MODULES = YES;
				CLANG_ENABLE_OBJC_ARC = YES;
				CLANG_WARN_BOOL_CONVERSION = YES;
				CLANG_WARN_CONSTANT_CONVERSION = YES;
				CLANG_WARN_DIRECT_OBJC_ISA_USAGE = YES_ERROR;
				CLANG_WARN_EMPTY_BODY = YES;
				CLANG_WARN_ENUM_CONVERSION = YES;
				CLANG_WARN_INT_CONVERSION = YES;
				CLANG_WARN_OBJC_ROOT_CLASS = YES_ERROR;
				CLANG_WARN_UNREACHABLE_CODE = YES;
				CLANG_WARN__DUPLICATE_METHOD_MATCH = YES;
				"CODE_SIGN_IDENTITY[sdk=iphoneos*]" = "iPhone Developer";
				COPY_PHASE_STRIP = NO;
				DEBUG_INFORMATION_FORMAT = "dwarf-with-dsym";
				ENABLE_NS_ASSERTIONS = NO;
				ENABLE_STRICT_OBJC_MSGSEND = YES;
				GCC_C_LANGUAGE_STANDARD = gnu99;
				GCC_NO_COMMON_BLOCKS = YES;
				GCC_WARN_64_TO_32_BIT_CONVERSION = YES;
				GCC_WARN_ABOUT_RETURN_TYPE = YES_ERROR;
				GCC_WARN_UNDECLARED_SELECTOR = YES;
				GCC_WARN_UNINITIALIZED_AUTOS = YES_AGGRESSIVE;
				GCC_WARN_UNUSED_FUNCTION = YES;
				GCC_WARN_UNUSED_VARIABLE = YES;
				IPHONEOS_DEPLOYMENT_TARGET = 8.4;
				MTL_ENABLE_DEBUG_INFO = NO;
				SDKROOT = iphoneos;
				VALIDATE_PRODUCT = YES;
			};
			name = Release;
		};
		D0F5BECE1BD0DA07002ED238 /* Debug */ = {
			isa = XCBuildConfiguration;
			buildSettings = {
				ASSETCATALOG_COMPILER_APPICON_NAME = AppIcon;
				INFOPLIST_FILE = OperationQueue/Info.plist;
				LD_RUNPATH_SEARCH_PATHS = "$(inherited) @executable_path/Frameworks";
				New_Setting = "";
				PRODUCT_NAME = "$(TARGET_NAME)";
			};
			name = Debug;
		};
		D0F5BECF1BD0DA07002ED238 /* Release */ = {
			isa = XCBuildConfiguration;
			buildSettings = {
				ASSETCATALOG_COMPILER_APPICON_NAME = AppIcon;
				INFOPLIST_FILE = OperationQueue/Info.plist;
				LD_RUNPATH_SEARCH_PATHS = "$(inherited) @executable_path/Frameworks";
				New_Setting = "";
				PRODUCT_NAME = "$(TARGET_NAME)";
			};
			name = Release;
		};
		D0F5BED11BD0DA07002ED238 /* Debug */ = {
			isa = XCBuildConfiguration;
			buildSettings = {
				BUNDLE_LOADER = "$(TEST_HOST)";
				FRAMEWORK_SEARCH_PATHS = (
					"$(SDKROOT)/Developer/Library/Frameworks",
					"$(inherited)",
				);
				GCC_PREPROCESSOR_DEFINITIONS = (
					"DEBUG=1",
					"$(inherited)",
				);
				INFOPLIST_FILE = OperationQueueTests/Info.plist;
				LD_RUNPATH_SEARCH_PATHS = "$(inherited) @executable_path/Frameworks @loader_path/Frameworks";
				PRODUCT_NAME = "$(TARGET_NAME)";
				TEST_HOST = "$(BUILT_PRODUCTS_DIR)/OperationQueue.app/OperationQueue";
			};
			name = Debug;
		};
		D0F5BED21BD0DA07002ED238 /* Release */ = {
			isa = XCBuildConfiguration;
			buildSettings = {
				BUNDLE_LOADER = "$(TEST_HOST)";
				FRAMEWORK_SEARCH_PATHS = (
					"$(SDKROOT)/Developer/Library/Frameworks",
					"$(inherited)",
				);
				INFOPLIST_FILE = OperationQueueTests/Info.plist;
				LD_RUNPATH_SEARCH_PATHS = "$(inherited) @executable_path/Frameworks @loader_path/Frameworks";
				PRODUCT_NAME = "$(TARGET_NAME)";
				TEST_HOST = "$(BUILT_PRODUCTS_DIR)/OperationQueue.app/OperationQueue";
			};
			name = Release;
		};
/* End XCBuildConfiguration section */

/* Begin XCConfigurationList section */
		D0F5BEA51BD0DA06002ED238 /* Build configuration list for PBXProject "OperationQueue" */ = {
			isa = XCConfigurationList;
			buildConfigurations = (
				D0F5BECB1BD0DA07002ED238 /* Debug */,
				D0F5BECC1BD0DA07002ED238 /* Release */,
			);
			defaultConfigurationIsVisible = 0;
			defaultConfigurationName = Release;
		};
		D0F5BECD1BD0DA07002ED238 /* Build configuration list for PBXNativeTarget "OperationQueue" */ = {
			isa = XCConfigurationList;
			buildConfigurations = (
				D0F5BECE1BD0DA07002ED238 /* Debug */,
				D0F5BECF1BD0DA07002ED238 /* Release */,
			);
			defaultConfigurationIsVisible = 0;
			defaultConfigurationName = Release;
		};
		D0F5BED01BD0DA07002ED238 /* Build configuration list for PBXNativeTarget "OperationQueueTests" */ = {
			isa = XCConfigurationList;
			buildConfigurations = (
				D0F5BED11BD0DA07002ED238 /* Debug */,
				D0F5BED21BD0DA07002ED238 /* Release */,
			);
			defaultConfigurationIsVisible = 0;
			defaultConfigurationName = Release;
		};
/* End XCConfigurationList section */
	};
	rootObject = D0F5BEA21BD0DA06002ED238 /* Project object */;
}
